{
  "name": "libraries",
  "version": "1.0.0",
  "lockfileVersion": 3,
  "requires": true,
  "packages": {
    "": {
      "name": "libraries",
      "version": "1.0.0",
      "license": "ISC",
      "dependencies": {
        "sweetalert2": "^11.13.0"
      }
    },
    "node_modules/sweetalert2": {
      "version": "11.13.0",
      "resolved": "https://registry.npmjs.org/sweetalert2/-/sweetalert2-11.13.0.tgz",
      "integrity": "sha512-HanWIMSDmG7HkJh1hnH5NFoomWQhZpUij1XvpJC7xg0myfo5qxN5+y7YRiGLZ6a7CtFsnW74Vgst01KLou7+fQ==",
      "license": "MIT",
      "funding": {
        "type": "individual",
        "url": "https://github.com/sponsors/limonte"
      }
    }
  }
}
